
Microsoft Visual Studio Solution File, Format Version 10.00
# Visual Studio 2008
Project("{8BC9CEB8-8B4A-11D0-8D11-00A0C91BC942}") = "ssl", "ssl.vcproj", "{F47DDA1E-BF0F-41F1-9613-70FFBF6D3F03}"
EndProject
Global
	GlobalSection(SolutionConfigurationPlatforms) = preSolution
		Debug|Win32 = Debug|Win32
		Debug|x64 = Debug|x64
		Release|Win32 = Release|Win32
		Release|x64 = Release|x64
		uni_release_64|Win32 = uni_release_64|Win32
		uni_release_64|x64 = uni_release_64|x64
		uni_release|Win32 = uni_release|Win32
		uni_release|x64 = uni_release|x64
		Unicode Debug 64|Win32 = Unicode Debug 64|Win32
		Unicode Debug 64|x64 = Unicode Debug 64|x64
		Unicode Debug|Win32 = Unicode Debug|Win32
		Unicode Debug|x64 = Unicode Debug|x64
	EndGlobalSection
	GlobalSection(ProjectConfigurationPlatforms) = postSolution
		{F47DDA1E-BF0F-41F1-9613-70FFBF6D3F03}.Debug|Win32.ActiveCfg = Debug|Win32
		{F47DDA1E-BF0F-41F1-9613-70FFBF6D3F03}.Debug|Win32.Build.0 = Debug|Win32
		{F47DDA1E-BF0F-41F1-9613-70FFBF6D3F03}.Debug|x64.ActiveCfg = Debug|x64
		{F47DDA1E-BF0F-41F1-9613-70FFBF6D3F03}.Debug|x64.Build.0 = Debug|x64
		{F47DDA1E-BF0F-41F1-9613-70FFBF6D3F03}.Release|Win32.ActiveCfg = Release|Win32
		{F47DDA1E-BF0F-41F1-9613-70FFBF6D3F03}.Release|Win32.Build.0 = Release|Win32
		{F47DDA1E-BF0F-41F1-9613-70FFBF6D3F03}.Release|x64.ActiveCfg = Release|x64
		{F47DDA1E-BF0F-41F1-9613-70FFBF6D3F03}.Release|x64.Build.0 = Release|x64
		{F47DDA1E-BF0F-41F1-9613-70FFBF6D3F03}.uni_release_64|Win32.ActiveCfg = uni_release|Win32
		{F47DDA1E-BF0F-41F1-9613-70FFBF6D3F03}.uni_release_64|Win32.Build.0 = uni_release|Win32
		{F47DDA1E-BF0F-41F1-9613-70FFBF6D3F03}.uni_release_64|x64.ActiveCfg = uni_release_64|x64
		{F47DDA1E-BF0F-41F1-9613-70FFBF6D3F03}.uni_release_64|x64.Build.0 = uni_release_64|x64
		{F47DDA1E-BF0F-41F1-9613-70FFBF6D3F03}.uni_release|Win32.ActiveCfg = uni_release|Win32
		{F47DDA1E-BF0F-41F1-9613-70FFBF6D3F03}.uni_release|Win32.Build.0 = uni_release|Win32
		{F47DDA1E-BF0F-41F1-9613-70FFBF6D3F03}.uni_release|x64.ActiveCfg = uni_release|x64
		{F47DDA1E-BF0F-41F1-9613-70FFBF6D3F03}.uni_release|x64.Build.0 = uni_release|x64
		{F47DDA1E-BF0F-41F1-9613-70FFBF6D3F03}.Unicode Debug 64|Win32.ActiveCfg = Unicode Debug 64|Win32
		{F47DDA1E-BF0F-41F1-9613-70FFBF6D3F03}.Unicode Debug 64|Win32.Build.0 = Unicode Debug 64|Win32
		{F47DDA1E-BF0F-41F1-9613-70FFBF6D3F03}.Unicode Debug 64|x64.ActiveCfg = Unicode Debug 64|x64
		{F47DDA1E-BF0F-41F1-9613-70FFBF6D3F03}.Unicode Debug 64|x64.Build.0 = Unicode Debug 64|x64
		{F47DDA1E-BF0F-41F1-9613-70FFBF6D3F03}.Unicode Debug|Win32.ActiveCfg = Unicode Debug|Win32
		{F47DDA1E-BF0F-41F1-9613-70FFBF6D3F03}.Unicode Debug|Win32.Build.0 = Unicode Debug|Win32
		{F47DDA1E-BF0F-41F1-9613-70FFBF6D3F03}.Unicode Debug|x64.ActiveCfg = Unicode Debug|x64
		{F47DDA1E-BF0F-41F1-9613-70FFBF6D3F03}.Unicode Debug|x64.Build.0 = Unicode Debug|x64
	EndGlobalSection
	GlobalSection(SolutionProperties) = preSolution
		HideSolutionNode = FALSE
	EndGlobalSection
EndGlobal
